{
  "name": "world-discovery-engine",
  "version": "0.1.0",
  "lockfileVersion": 3,
  "requires": true,
  "packages": {
    "": {
      "name": "world-discovery-engine",
      "version": "0.1.0",
      "devDependencies": {
        "@playwright/test": "1.55.0"
      },
      "engines": {
        "node": ">=20"
      }
    },
    "node_modules/@playwright/test": {
      "version": "1.55.0",
      "resolved": "https://registry.npmjs.org/@playwright/test/-/test-1.55.0.tgz",
      "integrity": "sha512-2QkZQ0QlLBkbEMwQhBABKLDMAjbE8OdOLxmKt+8hqtTyq7R8dGQAG5zBv7sNHvqFCqEtbhvBgqmNvYrPsIEBvQ==",
      "dependencies": {
        "@playwright/test": "1.55.0",
        "playwright": "1.55.0"
      },
      "bin": {
        "playwright": "cli.js"
      },
      "engines": {
        "node": ">=18"
      }
    },
    "node_modules/playwright": {
      "version": "1.55.0",
      "resolved": "https://registry.npmjs.org/playwright/-/playwright-1.55.0.tgz",
      "integrity": "sha512-7JJUjJQ6YwBB4YtMqQG8xkCQmI6PxRvhzM8TFEp3t/CvMbIL6BQPV9b76JKwVyKc1nCz0w6qDn8K3HLDtPQ==",
      "dependencies": {
        "playwright-core": "1.55.0"
      },
      "bin": {
        "playwright": "cli.js"
      },
      "engines": {
        "node": ">=18"
      },
      "optionalDependencies": {
        "fsevents": "2.3.2"
      }
    },
    "node_modules/playwright-core": {
      "version": "1.55.0",
      "resolved": "https://registry.npmjs.org/playwright-core/-/playwright-core-1.55.0.tgz",
      "integrity": "sha512-5N7/VwBZZlvQKfWqh5PbWkLhZrJF6gN7T6N6kB3DqXqIpXEj6AxJCFmEY7U5LHvJ5s4KJkq5G2z8n5Z7Q9Q==",
      "engines": {
        "node": ">=18"
      }
    },
    "node_modules/fsevents": {
      "version": "2.3.2",
      "resolved": "https://registry.npmjs.org/fsevents/-/fsevents-2.3.2.tgz",
      "integrity": "sha512-xiqQQR+zj5KghVW7DKucDmqmdeQJ53DICxrPFAVIEeNvMyET/0KvrzyhQSesZmqkUEUxDqkwO8Q6Zs/QIHdyYw==",
      "optional": true,
      "engines": {
        "node": ">=8.16.0"
      },
      "os": [
        "darwin"
      ]
    }
  }
}
